// !$*UTF8*$!
{
	archiveVersion = 1;
	classes = {
	};
	objectVersion = 56;
	objects = {

/* Begin PBXBuildFile section */
		3E8B7C562B7C8EE4005CDE36 /* FructusApp.swift in Sources */ = {isa = PBXBuildFile; fileRef = 3E8B7C552B7C8EE4005CDE36 /* FructusApp.swift */; };
		3E8B7C582B7C8EE4005CDE36 /* ContentView.swift in Sources */ = {isa = PBXBuildFile; fileRef = 3E8B7C572B7C8EE4005CDE36 /* ContentView.swift */; };
		3E8B7C5A2B7C8EE7005CDE36 /* Assets.xcassets in Resources */ = {isa = PBXBuildFile; fileRef = 3E8B7C592B7C8EE7005CDE36 /* Assets.xcassets */; };
		3E8B7C5D2B7C8EE7005CDE36 /* Preview Assets.xcassets in Resources */ = {isa = PBXBuildFile; fileRef = 3E8B7C5C2B7C8EE7005CDE36 /* Preview Assets.xcassets */; };
		3E8B7C672B7C8EE8005CDE36 /* FructusTests.swift in Sources */ = {isa = PBXBuildFile; fileRef = 3E8B7C662B7C8EE8005CDE36 /* FructusTests.swift */; };
		3E8B7C712B7C8EE8005CDE36 /* FructusUITests.swift in Sources */ = {isa = PBXBuildFile; fileRef = 3E8B7C702B7C8EE8005CDE36 /* FructusUITests.swift */; };
		3E8B7C732B7C8EE8005CDE36 /* FructusUITestsLaunchTests.swift in Sources */ = {isa = PBXBuildFile; fileRef = 3E8B7C722B7C8EE8005CDE36 /* FructusUITestsLaunchTests.swift */; };
		3E8B7C822B7C92D1005CDE36 /* FruitCardView.swift in Sources */ = {isa = PBXBuildFile; fileRef = 3E8B7C812B7C92D1005CDE36 /* FruitCardView.swift */; };
		3E8B7C842B7C9700005CDE36 /* StartButtonView.swift in Sources */ = {isa = PBXBuildFile; fileRef = 3E8B7C832B7C9700005CDE36 /* StartButtonView.swift */; };
		3E8B7C862B7C9DFD005CDE36 /* OnboardingView.swift in Sources */ = {isa = PBXBuildFile; fileRef = 3E8B7C852B7C9DFD005CDE36 /* OnboardingView.swift */; };
		3E8B7C892B7C9F6A005CDE36 /* FruitModel.swift in Sources */ = {isa = PBXBuildFile; fileRef = 3E8B7C882B7C9F6A005CDE36 /* FruitModel.swift */; };
		3E8B7C8C2B7CA04B005CDE36 /* FruitData.swift in Sources */ = {isa = PBXBuildFile; fileRef = 3E8B7C8B2B7CA04B005CDE36 /* FruitData.swift */; };
		3E8B7C8E2B7CA5FE005CDE36 /* FruitRowView.swift in Sources */ = {isa = PBXBuildFile; fileRef = 3E8B7C8D2B7CA5FE005CDE36 /* FruitRowView.swift */; };
		3E8B7C902B7CA9E9005CDE36 /* FruitDetailView.swift in Sources */ = {isa = PBXBuildFile; fileRef = 3E8B7C8F2B7CA9E9005CDE36 /* FruitDetailView.swift */; };
		3E8B7C922B7CAD95005CDE36 /* FruitHeaderView.swift in Sources */ = {isa = PBXBuildFile; fileRef = 3E8B7C912B7CAD95005CDE36 /* FruitHeaderView.swift */; };
		3EFB5AA82B7CC3CB00CE1051 /* SourceLinkView.swift in Sources */ = {isa = PBXBuildFile; fileRef = 3EFB5AA72B7CC3CB00CE1051 /* SourceLinkView.swift */; };
		3EFB5AAA2B7CC64700CE1051 /* FruitNutrientsView.swift in Sources */ = {isa = PBXBuildFile; fileRef = 3EFB5AA92B7CC64700CE1051 /* FruitNutrientsView.swift */; };
		3EFB5AAC2B7CCB0100CE1051 /* SettingsView.swift in Sources */ = {isa = PBXBuildFile; fileRef = 3EFB5AAB2B7CCB0100CE1051 /* SettingsView.swift */; };
		3EFB5AAE2B7CCEC100CE1051 /* SettingsLabelView.swift in Sources */ = {isa = PBXBuildFile; fileRef = 3EFB5AAD2B7CCEC100CE1051 /* SettingsLabelView.swift */; };
		3EFB5AB02B7CD19300CE1051 /* SettingsRowView.swift in Sources */ = {isa = PBXBuildFile; fileRef = 3EFB5AAF2B7CD19300CE1051 /* SettingsRowView.swift */; };
/* End PBXBuildFile section */

/* Begin PBXContainerItemProxy section */
		3E8B7C632B7C8EE8005CDE36 /* PBXContainerItemProxy */ = {
			isa = PBXContainerItemProxy;
			containerPortal = 3E8B7C4A2B7C8EE4005CDE36 /* Project object */;
			proxyType = 1;
			remoteGlobalIDString = 3E8B7C512B7C8EE4005CDE36;
			remoteInfo = Fructus;
		};
		3E8B7C6D2B7C8EE8005CDE36 /* PBXContainerItemProxy */ = {
			isa = PBXContainerItemProxy;
			containerPortal = 3E8B7C4A2B7C8EE4005CDE36 /* Project object */;
			proxyType = 1;
			remoteGlobalIDString = 3E8B7C512B7C8EE4005CDE36;
			remoteInfo = Fructus;
		};
/* End PBXContainerItemProxy section */

/* Begin PBXFileReference section */
		3E8B7C522B7C8EE4005CDE36 /* Fructus.app */ = {isa = PBXFileReference; explicitFileType = wrapper.application; includeInIndex = 0; path = Fructus.app; sourceTree = BUILT_PRODUCTS_DIR; };
		3E8B7C552B7C8EE4005CDE36 /* FructusApp.swift */ = {isa = PBXFileReference; lastKnownFileType = sourcecode.swift; path = FructusApp.swift; sourceTree = "<group>"; };
		3E8B7C572B7C8EE4005CDE36 /* ContentView.swift */ = {isa = PBXFileReference; lastKnownFileType = sourcecode.swift; path = ContentView.swift; sourceTree = "<group>"; };
		3E8B7C592B7C8EE7005CDE36 /* Assets.xcassets */ = {isa = PBXFileReference; lastKnownFileType = folder.assetcatalog; path = Assets.xcassets; sourceTree = "<group>"; };
		3E8B7C5C2B7C8EE7005CDE36 /* Preview Assets.xcassets */ = {isa = PBXFileReference; lastKnownFileType = folder.assetcatalog; path = "Preview Assets.xcassets"; sourceTree = "<group>"; };
		3E8B7C622B7C8EE8005CDE36 /* FructusTests.xctest */ = {isa = PBXFileReference; explicitFileType = wrapper.cfbundle; includeInIndex = 0; path = FructusTests.xctest; sourceTree = BUILT_PRODUCTS_DIR; };
		3E8B7C662B7C8EE8005CDE36 /* FructusTests.swift */ = {isa = PBXFileReference; lastKnownFileType = sourcecode.swift; path = FructusTests.swift; sourceTree = "<group>"; };
		3E8B7C6C2B7C8EE8005CDE36 /* FructusUITests.xctest */ = {isa = PBXFileReference; explicitFileType = wrapper.cfbundle; includeInIndex = 0; path = FructusUITests.xctest; sourceTree = BUILT_PRODUCTS_DIR; };
		3E8B7C702B7C8EE8005CDE36 /* FructusUITests.swift */ = {isa = PBXFileReference; lastKnownFileType = sourcecode.swift; path = FructusUITests.swift; sourceTree = "<group>"; };
		3E8B7C722B7C8EE8005CDE36 /* FructusUITestsLaunchTests.swift */ = {isa = PBXFileReference; lastKnownFileType = sourcecode.swift; path = FructusUITestsLaunchTests.swift; sourceTree = "<group>"; };
		3E8B7C812B7C92D1005CDE36 /* FruitCardView.swift */ = {isa = PBXFileReference; lastKnownFileType = sourcecode.swift; path = FruitCardView.swift; sourceTree = "<group>"; };
		3E8B7C832B7C9700005CDE36 /* StartButtonView.swift */ = {isa = PBXFileReference; lastKnownFileType = sourcecode.swift; path = StartButtonView.swift; sourceTree = "<group>"; };
		3E8B7C852B7C9DFD005CDE36 /* OnboardingView.swift */ = {isa = PBXFileReference; lastKnownFileType = sourcecode.swift; path = OnboardingView.swift; sourceTree = "<group>"; };
		3E8B7C882B7C9F6A005CDE36 /* FruitModel.swift */ = {isa = PBXFileReference; lastKnownFileType = sourcecode.swift; path = FruitModel.swift; sourceTree = "<group>"; };
		3E8B7C8B2B7CA04B005CDE36 /* FruitData.swift */ = {isa = PBXFileReference; lastKnownFileType = sourcecode.swift; path = FruitData.swift; sourceTree = "<group>"; };
		3E8B7C8D2B7CA5FE005CDE36 /* FruitRowView.swift */ = {isa = PBXFileReference; lastKnownFileType = sourcecode.swift; path = FruitRowView.swift; sourceTree = "<group>"; };
		3E8B7C8F2B7CA9E9005CDE36 /* FruitDetailView.swift */ = {isa = PBXFileReference; lastKnownFileType = sourcecode.swift; path = FruitDetailView.swift; sourceTree = "<group>"; };
		3E8B7C912B7CAD95005CDE36 /* FruitHeaderView.swift */ = {isa = PBXFileReference; lastKnownFileType = sourcecode.swift; path = FruitHeaderView.swift; sourceTree = "<group>"; };
		3EFB5AA72B7CC3CB00CE1051 /* SourceLinkView.swift */ = {isa = PBXFileReference; lastKnownFileType = sourcecode.swift; path = SourceLinkView.swift; sourceTree = "<group>"; };
		3EFB5AA92B7CC64700CE1051 /* FruitNutrientsView.swift */ = {isa = PBXFileReference; lastKnownFileType = sourcecode.swift; path = FruitNutrientsView.swift; sourceTree = "<group>"; };
		3EFB5AAB2B7CCB0100CE1051 /* SettingsView.swift */ = {isa = PBXFileReference; lastKnownFileType = sourcecode.swift; path = SettingsView.swift; sourceTree = "<group>"; };
		3EFB5AAD2B7CCEC100CE1051 /* SettingsLabelView.swift */ = {isa = PBXFileReference; lastKnownFileType = sourcecode.swift; path = SettingsLabelView.swift; sourceTree = "<group>"; };
		3EFB5AAF2B7CD19300CE1051 /* SettingsRowView.swift */ = {isa = PBXFileReference; lastKnownFileType = sourcecode.swift; path = SettingsRowView.swift; sourceTree = "<group>"; };
/* End PBXFileReference section */

/* Begin PBXFrameworksBuildPhase section */
		3E8B7C4F2B7C8EE4005CDE36 /* Frameworks */ = {
			isa = PBXFrameworksBuildPhase;
			buildActionMask = 2147483647;
			files = (
			);
			runOnlyForDeploymentPostprocessing = 0;
		};
		3E8B7C5F2B7C8EE8005CDE36 /* Frameworks */ = {
			isa = PBXFrameworksBuildPhase;
			buildActionMask = 2147483647;
			files = (
			);
			runOnlyForDeploymentPostprocessing = 0;
		};
		3E8B7C692B7C8EE8005CDE36 /* Frameworks */ = {
			isa = PBXFrameworksBuildPhase;
			buildActionMask = 2147483647;
			files = (
			);
			runOnlyForDeploymentPostprocessing = 0;
		};
/* End PBXFrameworksBuildPhase section */

/* Begin PBXGroup section */
		3E8B7C492B7C8EE4005CDE36 = {
			isa = PBXGroup;
			children = (
				3E8B7C542B7C8EE4005CDE36 /* Fructus */,
				3E8B7C652B7C8EE8005CDE36 /* FructusTests */,
				3E8B7C6F2B7C8EE8005CDE36 /* FructusUITests */,
				3E8B7C532B7C8EE4005CDE36 /* Products */,
			);
			sourceTree = "<group>";
		};
		3E8B7C532B7C8EE4005CDE36 /* Products */ = {
			isa = PBXGroup;
			children = (
				3E8B7C522B7C8EE4005CDE36 /* Fructus.app */,
				3E8B7C622B7C8EE8005CDE36 /* FructusTests.xctest */,
				3E8B7C6C2B7C8EE8005CDE36 /* FructusUITests.xctest */,
			);
			name = Products;
			sourceTree = "<group>";
		};
		3E8B7C542B7C8EE4005CDE36 /* Fructus */ = {
			isa = PBXGroup;
			children = (
				3E8B7C8A2B7CA03B005CDE36 /* Data */,
				3E8B7C872B7C9F5C005CDE36 /* Model */,
				3E8B7C802B7C92A3005CDE36 /* View */,
				3E8B7C7F2B7C927D005CDE36 /* App */,
				3E8B7C592B7C8EE7005CDE36 /* Assets.xcassets */,
				3E8B7C5B2B7C8EE7005CDE36 /* Preview Content */,
			);
			path = Fructus;
			sourceTree = "<group>";
		};
		3E8B7C5B2B7C8EE7005CDE36 /* Preview Content */ = {
			isa = PBXGroup;
			children = (
				3E8B7C5C2B7C8EE7005CDE36 /* Preview Assets.xcassets */,
			);
			path = "Preview Content";
			sourceTree = "<group>";
		};
		3E8B7C652B7C8EE8005CDE36 /* FructusTests */ = {
			isa = PBXGroup;
			children = (
				3E8B7C662B7C8EE8005CDE36 /* FructusTests.swift */,
			);
			path = FructusTests;
			sourceTree = "<group>";
		};
		3E8B7C6F2B7C8EE8005CDE36 /* FructusUITests */ = {
			isa = PBXGroup;
			children = (
				3E8B7C702B7C8EE8005CDE36 /* FructusUITests.swift */,
				3E8B7C722B7C8EE8005CDE36 /* FructusUITestsLaunchTests.swift */,
			);
			path = FructusUITests;
			sourceTree = "<group>";
		};
		3E8B7C7F2B7C927D005CDE36 /* App */ = {
			isa = PBXGroup;
			children = (
				3E8B7C8F2B7CA9E9005CDE36 /* FruitDetailView.swift */,
				3E8B7C552B7C8EE4005CDE36 /* FructusApp.swift */,
				3E8B7C572B7C8EE4005CDE36 /* ContentView.swift */,
				3E8B7C852B7C9DFD005CDE36 /* OnboardingView.swift */,
				3E8B7C912B7CAD95005CDE36 /* FruitHeaderView.swift */,
				3EFB5AAB2B7CCB0100CE1051 /* SettingsView.swift */,
			);
			name = App;
			sourceTree = "<group>";
		};
		3E8B7C802B7C92A3005CDE36 /* View */ = {
			isa = PBXGroup;
			children = (
				3E8B7C812B7C92D1005CDE36 /* FruitCardView.swift */,
				3E8B7C832B7C9700005CDE36 /* StartButtonView.swift */,
				3E8B7C8D2B7CA5FE005CDE36 /* FruitRowView.swift */,
				3EFB5AA72B7CC3CB00CE1051 /* SourceLinkView.swift */,
				3EFB5AA92B7CC64700CE1051 /* FruitNutrientsView.swift */,
				3EFB5AAD2B7CCEC100CE1051 /* SettingsLabelView.swift */,
				3EFB5AAF2B7CD19300CE1051 /* SettingsRowView.swift */,
			);
			path = View;
			sourceTree = "<group>";
		};
		3E8B7C872B7C9F5C005CDE36 /* Model */ = {
			isa = PBXGroup;
			children = (
				3E8B7C882B7C9F6A005CDE36 /* FruitModel.swift */,
			);
			path = Model;
			sourceTree = "<group>";
		};
		3E8B7C8A2B7CA03B005CDE36 /* Data */ = {
			isa = PBXGroup;
			children = (
				3E8B7C8B2B7CA04B005CDE36 /* FruitData.swift */,
			);
			path = Data;
			sourceTree = "<group>";
		};
/* End PBXGroup section */

/* Begin PBXNativeTarget section */
		3E8B7C512B7C8EE4005CDE36 /* Fructus */ = {
			isa = PBXNativeTarget;
			buildConfigurationList = 3E8B7C762B7C8EE8005CDE36 /* Build configuration list for PBXNativeTarget "Fructus" */;
			buildPhases = (
				3E8B7C4E2B7C8EE4005CDE36 /* Sources */,
				3E8B7C4F2B7C8EE4005CDE36 /* Frameworks */,
				3E8B7C502B7C8EE4005CDE36 /* Resources */,
			);
			buildRules = (
			);
			dependencies = (
			);
			name = Fructus;
			productName = Fructus;
			productReference = 3E8B7C522B7C8EE4005CDE36 /* Fructus.app */;
			productType = "com.apple.product-type.application";
		};
		3E8B7C612B7C8EE8005CDE36 /* FructusTests */ = {
			isa = PBXNativeTarget;
			buildConfigurationList = 3E8B7C792B7C8EE8005CDE36 /* Build configuration list for PBXNativeTarget "FructusTests" */;
			buildPhases = (
				3E8B7C5E2B7C8EE8005CDE36 /* Sources */,
				3E8B7C5F2B7C8EE8005CDE36 /* Frameworks */,
				3E8B7C602B7C8EE8005CDE36 /* Resources */,
			);
			buildRules = (
			);
			dependencies = (
				3E8B7C642B7C8EE8005CDE36 /* PBXTargetDependency */,
			);
			name = FructusTests;
			productName = FructusTests;
			productReference = 3E8B7C622B7C8EE8005CDE36 /* FructusTests.xctest */;
			productType = "com.apple.product-type.bundle.unit-test";
		};
		3E8B7C6B2B7C8EE8005CDE36 /* FructusUITests */ = {
			isa = PBXNativeTarget;
			buildConfigurationList = 3E8B7C7C2B7C8EE8005CDE36 /* Build configuration list for PBXNativeTarget "FructusUITests" */;
			buildPhases = (
				3E8B7C682B7C8EE8005CDE36 /* Sources */,
				3E8B7C692B7C8EE8005CDE36 /* Frameworks */,
				3E8B7C6A2B7C8EE8005CDE36 /* Resources */,
			);
			buildRules = (
			);
			dependencies = (
				3E8B7C6E2B7C8EE8005CDE36 /* PBXTargetDependency */,
			);
			name = FructusUITests;
			productName = FructusUITests;
			productReference = 3E8B7C6C2B7C8EE8005CDE36 /* FructusUITests.xctest */;
			productType = "com.apple.product-type.bundle.ui-testing";
		};
/* End PBXNativeTarget section */

/* Begin PBXProject section */
		3E8B7C4A2B7C8EE4005CDE36 /* Project object */ = {
			isa = PBXProject;
			attributes = {
				BuildIndependentTargetsInParallel = 1;
				LastSwiftUpdateCheck = 1500;
				LastUpgradeCheck = 1500;
				TargetAttributes = {
					3E8B7C512B7C8EE4005CDE36 = {
						CreatedOnToolsVersion = 15.0;
					};
					3E8B7C612B7C8EE8005CDE36 = {
						CreatedOnToolsVersion = 15.0;
						TestTargetID = 3E8B7C512B7C8EE4005CDE36;
					};
					3E8B7C6B2B7C8EE8005CDE36 = {
						CreatedOnToolsVersion = 15.0;
						TestTargetID = 3E8B7C512B7C8EE4005CDE36;
					};
				};
			};
			buildConfigurationList = 3E8B7C4D2B7C8EE4005CDE36 /* Build configuration list for PBXProject "Fructus" */;
			compatibilityVersion = "Xcode 14.0";
			developmentRegion = en;
			hasScannedForEncodings = 0;
			knownRegions = (
				en,
				Base,
			);
			mainGroup = 3E8B7C492B7C8EE4005CDE36;
			productRefGroup = 3E8B7C532B7C8EE4005CDE36 /* Products */;
			projectDirPath = "";
			projectRoot = "";
			targets = (
				3E8B7C512B7C8EE4005CDE36 /* Fructus */,
				3E8B7C612B7C8EE8005CDE36 /* FructusTests */,
				3E8B7C6B2B7C8EE8005CDE36 /* FructusUITests */,
			);
		};
/* End PBXProject section */

/* Begin PBXResourcesBuildPhase section */
		3E8B7C502B7C8EE4005CDE36 /* Resources */ = {
			isa = PBXResourcesBuildPhase;
			buildActionMask = 2147483647;
			files = (
				3E8B7C5D2B7C8EE7005CDE36 /* Preview Assets.xcassets in Resources */,
				3E8B7C5A2B7C8EE7005CDE36 /* Assets.xcassets in Resources */,
			);
			runOnlyForDeploymentPostprocessing = 0;
		};
		3E8B7C602B7C8EE8005CDE36 /* Resources */ = {
			isa = PBXResourcesBuildPhase;
			buildActionMask = 2147483647;
			files = (
			);
			runOnlyForDeploymentPostprocessing = 0;
		};
		3E8B7C6A2B7C8EE8005CDE36 /* Resources */ = {
			isa = PBXResourcesBuildPhase;
			buildActionMask = 2147483647;
			files = (
			);
			runOnlyForDeploymentPostprocessing = 0;
		};
/* End PBXResourcesBuildPhase section */

/* Begin PBXSourcesBuildPhase section */
		3E8B7C4E2B7C8EE4005CDE36 /* Sources */ = {
			isa = PBXSourcesBuildPhase;
			buildActionMask = 2147483647;
			files = (
				3E8B7C8C2B7CA04B005CDE36 /* FruitData.swift in Sources */,
				3EFB5AA82B7CC3CB00CE1051 /* SourceLinkView.swift in Sources */,
				3EFB5AB02B7CD19300CE1051 /* SettingsRowView.swift in Sources */,
				3E8B7C822B7C92D1005CDE36 /* FruitCardView.swift in Sources */,
				3E8B7C8E2B7CA5FE005CDE36 /* FruitRowView.swift in Sources */,
				3EFB5AAA2B7CC64700CE1051 /* FruitNutrientsView.swift in Sources */,
				3E8B7C842B7C9700005CDE36 /* StartButtonView.swift in Sources */,
				3E8B7C902B7CA9E9005CDE36 /* FruitDetailView.swift in Sources */,
				3E8B7C582B7C8EE4005CDE36 /* ContentView.swift in Sources */,
				3E8B7C922B7CAD95005CDE36 /* FruitHeaderView.swift in Sources */,
				3E8B7C862B7C9DFD005CDE36 /* OnboardingView.swift in Sources */,
				3EFB5AAE2B7CCEC100CE1051 /* SettingsLabelView.swift in Sources */,
				3E8B7C892B7C9F6A005CDE36 /* FruitModel.swift in Sources */,
				3E8B7C562B7C8EE4005CDE36 /* FructusApp.swift in Sources */,
				3EFB5AAC2B7CCB0100CE1051 /* SettingsView.swift in Sources */,
			);
			runOnlyForDeploymentPostprocessing = 0;
		};
		3E8B7C5E2B7C8EE8005CDE36 /* Sources */ = {
			isa = PBXSourcesBuildPhase;
			buildActionMask = 2147483647;
			files = (
				3E8B7C672B7C8EE8005CDE36 /* FructusTests.swift in Sources */,
			);
			runOnlyForDeploymentPostprocessing = 0;
		};
		3E8B7C682B7C8EE8005CDE36 /* Sources */ = {
			isa = PBXSourcesBuildPhase;
			buildActionMask = 2147483647;
			files = (
				3E8B7C712B7C8EE8005CDE36 /* FructusUITests.swift in Sources */,
				3E8B7C732B7C8EE8005CDE36 /* FructusUITestsLaunchTests.swift in Sources */,
			);
			runOnlyForDeploymentPostprocessing = 0;
		};
/* End PBXSourcesBuildPhase section */

/* Begin PBXTargetDependency section */
		3E8B7C642B7C8EE8005CDE36 /* PBXTargetDependency */ = {
			isa = PBXTargetDependency;
			target = 3E8B7C512B7C8EE4005CDE36 /* Fructus */;
			targetProxy = 3E8B7C632B7C8EE8005CDE36 /* PBXContainerItemProxy */;
		};
		3E8B7C6E2B7C8EE8005CDE36 /* PBXTargetDependency */ = {
			isa = PBXTargetDependency;
			target = 3E8B7C512B7C8EE4005CDE36 /* Fructus */;
			targetProxy = 3E8B7C6D2B7C8EE8005CDE36 /* PBXContainerItemProxy */;
		};
/* End PBXTargetDependency section */

/* Begin XCBuildConfiguration section */
		3E8B7C742B7C8EE8005CDE36 /* Debug */ = {
			isa = XCBuildConfiguration;
			buildSettings = {
				ALWAYS_SEARCH_USER_PATHS = NO;
				ASSETCATALOG_COMPILER_GENERATE_SWIFT_ASSET_SYMBOL_EXTENSIONS = YES;
				CLANG_ANALYZER_NONNULL = YES;
				CLANG_ANALYZER_NUMBER_OBJECT_CONVERSION = YES_AGGRESSIVE;
				CLANG_CXX_LANGUAGE_STANDARD = "gnu++20";
				CLANG_ENABLE_MODULES = YES;
				CLANG_ENABLE_OBJC_ARC = YES;
				CLANG_ENABLE_OBJC_WEAK = YES;
				CLANG_WARN_BLOCK_CAPTURE_AUTORELEASING = YES;
				CLANG_WARN_BOOL_CONVERSION = YES;
				CLANG_WARN_COMMA = YES;
				CLANG_WARN_CONSTANT_CONVERSION = YES;
				CLANG_WARN_DEPRECATED_OBJC_IMPLEMENTATIONS = YES;
				CLANG_WARN_DIRECT_OBJC_ISA_USAGE = YES_ERROR;
				CLANG_WARN_DOCUMENTATION_COMMENTS = YES;
				CLANG_WARN_EMPTY_BODY = YES;
				CLANG_WARN_ENUM_CONVERSION = YES;
				CLANG_WARN_INFINITE_RECURSION = YES;
				CLANG_WARN_INT_CONVERSION = YES;
				CLANG_WARN_NON_LITERAL_NULL_CONVERSION = YES;
				CLANG_WARN_OBJC_IMPLICIT_RETAIN_SELF = YES;
				CLANG_WARN_OBJC_LITERAL_CONVERSION = YES;
				CLANG_WARN_OBJC_ROOT_CLASS = YES_ERROR;
				CLANG_WARN_QUOTED_INCLUDE_IN_FRAMEWORK_HEADER = YES;
				CLANG_WARN_RANGE_LOOP_ANALYSIS = YES;
				CLANG_WARN_STRICT_PROTOTYPES = YES;
				CLANG_WARN_SUSPICIOUS_MOVE = YES;
				CLANG_WARN_UNGUARDED_AVAILABILITY = YES_AGGRESSIVE;
				CLANG_WARN_UNREACHABLE_CODE = YES;
				CLANG_WARN__DUPLICATE_METHOD_MATCH = YES;
				COPY_PHASE_STRIP = NO;
				DEBUG_INFORMATION_FORMAT = dwarf;
				ENABLE_STRICT_OBJC_MSGSEND = YES;
				ENABLE_TESTABILITY = YES;
				ENABLE_USER_SCRIPT_SANDBOXING = YES;
				GCC_C_LANGUAGE_STANDARD = gnu17;
				GCC_DYNAMIC_NO_PIC = NO;
				GCC_NO_COMMON_BLOCKS = YES;
				GCC_OPTIMIZATION_LEVEL = 0;
				GCC_PREPROCESSOR_DEFINITIONS = (
					"DEBUG=1",
					"$(inherited)",
				);
				GCC_WARN_64_TO_32_BIT_CONVERSION = YES;
				GCC_WARN_ABOUT_RETURN_TYPE = YES_ERROR;
				GCC_WARN_UNDECLARED_SELECTOR = YES;
				GCC_WARN_UNINITIALIZED_AUTOS = YES_AGGRESSIVE;
				GCC_WARN_UNUSED_FUNCTION = YES;
				GCC_WARN_UNUSED_VARIABLE = YES;
				IPHONEOS_DEPLOYMENT_TARGET = 17.0;
				LOCALIZATION_PREFERS_STRING_CATALOGS = YES;
				MTL_ENABLE_DEBUG_INFO = INCLUDE_SOURCE;
				MTL_FAST_MATH = YES;
				ONLY_ACTIVE_ARCH = YES;
				SDKROOT = iphoneos;
				SWIFT_ACTIVE_COMPILATION_CONDITIONS = "DEBUG $(inherited)";
				SWIFT_OPTIMIZATION_LEVEL = "-Onone";
			};
			name = Debug;
		};
		3E8B7C752B7C8EE8005CDE36 /* Release */ = {
			isa = XCBuildConfiguration;
			buildSettings = {
				ALWAYS_SEARCH_USER_PATHS = NO;
				ASSETCATALOG_COMPILER_GENERATE_SWIFT_ASSET_SYMBOL_EXTENSIONS = YES;
				CLANG_ANALYZER_NONNULL = YES;
				CLANG_ANALYZER_NUMBER_OBJECT_CONVERSION = YES_AGGRESSIVE;
				CLANG_CXX_LANGUAGE_STANDARD = "gnu++20";
				CLANG_ENABLE_MODULES = YES;
				CLANG_ENABLE_OBJC_ARC = YES;
				CLANG_ENABLE_OBJC_WEAK = YES;
				CLANG_WARN_BLOCK_CAPTURE_AUTORELEASING = YES;
				CLANG_WARN_BOOL_CONVERSION = YES;
				CLANG_WARN_COMMA = YES;
				CLANG_WARN_CONSTANT_CONVERSION = YES;
				CLANG_WARN_DEPRECATED_OBJC_IMPLEMENTATIONS = YES;
				CLANG_WARN_DIRECT_OBJC_ISA_USAGE = YES_ERROR;
				CLANG_WARN_DOCUMENTATION_COMMENTS = YES;
				CLANG_WARN_EMPTY_BODY = YES;
				CLANG_WARN_ENUM_CONVERSION = YES;
				CLANG_WARN_INFINITE_RECURSION = YES;
				CLANG_WARN_INT_CONVERSION = YES;
				CLANG_WARN_NON_LITERAL_NULL_CONVERSION = YES;
				CLANG_WARN_OBJC_IMPLICIT_RETAIN_SELF = YES;
				CLANG_WARN_OBJC_LITERAL_CONVERSION = YES;
				CLANG_WARN_OBJC_ROOT_CLASS = YES_ERROR;
				CLANG_WARN_QUOTED_INCLUDE_IN_FRAMEWORK_HEADER = YES;
				CLANG_WARN_RANGE_LOOP_ANALYSIS = YES;
				CLANG_WARN_STRICT_PROTOTYPES = YES;
				CLANG_WARN_SUSPICIOUS_MOVE = YES;
				CLANG_WARN_UNGUARDED_AVAILABILITY = YES_AGGRESSIVE;
				CLANG_WARN_UNREACHABLE_CODE = YES;
				CLANG_WARN__DUPLICATE_METHOD_MATCH = YES;
				COPY_PHASE_STRIP = NO;
				DEBUG_INFORMATION_FORMAT = "dwarf-with-dsym";
				ENABLE_NS_ASSERTIONS = NO;
				ENABLE_STRICT_OBJC_MSGSEND = YES;
				ENABLE_USER_SCRIPT_SANDBOXING = YES;
				GCC_C_LANGUAGE_STANDARD = gnu17;
				GCC_NO_COMMON_BLOCKS = YES;
				GCC_WARN_64_TO_32_BIT_CONVERSION = YES;
				GCC_WARN_ABOUT_RETURN_TYPE = YES_ERROR;
				GCC_WARN_UNDECLARED_SELECTOR = YES;
				GCC_WARN_UNINITIALIZED_AUTOS = YES_AGGRESSIVE;
				GCC_WARN_UNUSED_FUNCTION = YES;
				GCC_WARN_UNUSED_VARIABLE = YES;
				IPHONEOS_DEPLOYMENT_TARGET = 17.0;
				LOCALIZATION_PREFERS_STRING_CATALOGS = YES;
				MTL_ENABLE_DEBUG_INFO = NO;
				MTL_FAST_MATH = YES;
				SDKROOT = iphoneos;
				SWIFT_COMPILATION_MODE = wholemodule;
				VALIDATE_PRODUCT = YES;
			};
			name = Release;
		};
		3E8B7C772B7C8EE8005CDE36 /* Debug */ = {
			isa = XCBuildConfiguration;
			buildSettings = {
				ASSETCATALOG_COMPILER_APPICON_NAME = AppIcon;
				ASSETCATALOG_COMPILER_GLOBAL_ACCENT_COLOR_NAME = AccentColor;
				CODE_SIGN_STYLE = Automatic;
				CURRENT_PROJECT_VERSION = 1;
				DEVELOPMENT_ASSET_PATHS = "\"Fructus/Preview Content\"";
				DEVELOPMENT_TEAM = 2GCMC8WV23;
				ENABLE_PREVIEWS = YES;
				GENERATE_INFOPLIST_FILE = YES;
				INFOPLIST_KEY_UIApplicationSceneManifest_Generation = YES;
				INFOPLIST_KEY_UIApplicationSupportsIndirectInputEvents = YES;
				INFOPLIST_KEY_UILaunchScreen_Generation = YES;
				INFOPLIST_KEY_UISupportedInterfaceOrientations = UIInterfaceOrientationPortrait;
				LD_RUNPATH_SEARCH_PATHS = (
					"$(inherited)",
					"@executable_path/Frameworks",
				);
				MARKETING_VERSION = 1.0;
				PRODUCT_BUNDLE_IDENTIFIER = githubActions.com.Fructus;
				PRODUCT_NAME = "$(TARGET_NAME)";
				SWIFT_EMIT_LOC_STRINGS = YES;
				SWIFT_VERSION = 5.0;
				TARGETED_DEVICE_FAMILY = "1,2";
			};
			name = Debug;
		};
		3E8B7C782B7C8EE8005CDE36 /* Release */ = {
			isa = XCBuildConfiguration;
			buildSettings = {
				ASSETCATALOG_COMPILER_APPICON_NAME = AppIcon;
				ASSETCATALOG_COMPILER_GLOBAL_ACCENT_COLOR_NAME = AccentColor;
				CODE_SIGN_STYLE = Automatic;
				CURRENT_PROJECT_VERSION = 1;
				DEVELOPMENT_ASSET_PATHS = "\"Fructus/Preview Content\"";
				DEVELOPMENT_TEAM = 2GCMC8WV23;
				ENABLE_PREVIEWS = YES;
				GENERATE_INFOPLIST_FILE = YES;
				INFOPLIST_KEY_UIApplicationSceneManifest_Generation = YES;
				INFOPLIST_KEY_UIApplicationSupportsIndirectInputEvents = YES;
				INFOPLIST_KEY_UILaunchScreen_Generation = YES;
				INFOPLIST_KEY_UISupportedInterfaceOrientations = UIInterfaceOrientationPortrait;
				LD_RUNPATH_SEARCH_PATHS = (
					"$(inherited)",
					"@executable_path/Frameworks",
				);
				MARKETING_VERSION = 1.0;
				PRODUCT_BUNDLE_IDENTIFIER = githubActions.com.Fructus;
				PRODUCT_NAME = "$(TARGET_NAME)";
				SWIFT_EMIT_LOC_STRINGS = YES;
				SWIFT_VERSION = 5.0;
				TARGETED_DEVICE_FAMILY = "1,2";
			};
			name = Release;
		};
		3E8B7C7A2B7C8EE8005CDE36 /* Debug */ = {
			isa = XCBuildConfiguration;
			buildSettings = {
				ALWAYS_EMBED_SWIFT_STANDARD_LIBRARIES = YES;
				BUNDLE_LOADER = "$(TEST_HOST)";
				CODE_SIGN_STYLE = Automatic;
				CURRENT_PROJECT_VERSION = 1;
				DEVELOPMENT_TEAM = 2GCMC8WV23;
				GENERATE_INFOPLIST_FILE = YES;
				IPHONEOS_DEPLOYMENT_TARGET = 17.0;
				MARKETING_VERSION = 1.0;
				PRODUCT_BUNDLE_IDENTIFIER = githubActions.com.FructusTests;
				PRODUCT_NAME = "$(TARGET_NAME)";
				SWIFT_EMIT_LOC_STRINGS = NO;
				SWIFT_VERSION = 5.0;
				TARGETED_DEVICE_FAMILY = "1,2";
				TEST_HOST = "$(BUILT_PRODUCTS_DIR)/Fructus.app/$(BUNDLE_EXECUTABLE_FOLDER_PATH)/Fructus";
			};
			name = Debug;
		};
		3E8B7C7B2B7C8EE8005CDE36 /* Release */ = {
			isa = XCBuildConfiguration;
			buildSettings = {
				ALWAYS_EMBED_SWIFT_STANDARD_LIBRARIES = YES;
				BUNDLE_LOADER = "$(TEST_HOST)";
				CODE_SIGN_STYLE = Automatic;
				CURRENT_PROJECT_VERSION = 1;
				DEVELOPMENT_TEAM = 2GCMC8WV23;
				GENERATE_INFOPLIST_FILE = YES;
				IPHONEOS_DEPLOYMENT_TARGET = 17.0;
				MARKETING_VERSION = 1.0;
				PRODUCT_BUNDLE_IDENTIFIER = githubActions.com.FructusTests;
				PRODUCT_NAME = "$(TARGET_NAME)";
				SWIFT_EMIT_LOC_STRINGS = NO;
				SWIFT_VERSION = 5.0;
				TARGETED_DEVICE_FAMILY = "1,2";
				TEST_HOST = "$(BUILT_PRODUCTS_DIR)/Fructus.app/$(BUNDLE_EXECUTABLE_FOLDER_PATH)/Fructus";
			};
			name = Release;
		};
		3E8B7C7D2B7C8EE8005CDE36 /* Debug */ = {
			isa = XCBuildConfiguration;
			buildSettings = {
				ALWAYS_EMBED_SWIFT_STANDARD_LIBRARIES = YES;
				CODE_SIGN_STYLE = Automatic;
				CURRENT_PROJECT_VERSION = 1;
				DEVELOPMENT_TEAM = 2GCMC8WV23;
				GENERATE_INFOPLIST_FILE = YES;
				MARKETING_VERSION = 1.0;
				PRODUCT_BUNDLE_IDENTIFIER = githubActions.com.FructusUITests;
				PRODUCT_NAME = "$(TARGET_NAME)";
				SWIFT_EMIT_LOC_STRINGS = NO;
				SWIFT_VERSION = 5.0;
				TARGETED_DEVICE_FAMILY = "1,2";
				TEST_TARGET_NAME = Fructus;
			};
			name = Debug;
		};
		3E8B7C7E2B7C8EE8005CDE36 /* Release */ = {
			isa = XCBuildConfiguration;
			buildSettings = {
				ALWAYS_EMBED_SWIFT_STANDARD_LIBRARIES = YES;
				CODE_SIGN_STYLE = Automatic;
				CURRENT_PROJECT_VERSION = 1;
				DEVELOPMENT_TEAM = 2GCMC8WV23;
				GENERATE_INFOPLIST_FILE = YES;
				MARKETING_VERSION = 1.0;
				PRODUCT_BUNDLE_IDENTIFIER = githubActions.com.FructusUITests;
				PRODUCT_NAME = "$(TARGET_NAME)";
				SWIFT_EMIT_LOC_STRINGS = NO;
				SWIFT_VERSION = 5.0;
				TARGETED_DEVICE_FAMILY = "1,2";
				TEST_TARGET_NAME = Fructus;
			};
			name = Release;
		};
/* End XCBuildConfiguration section */

/* Begin XCConfigurationList section */
		3E8B7C4D2B7C8EE4005CDE36 /* Build configuration list for PBXProject "Fructus" */ = {
			isa = XCConfigurationList;
			buildConfigurations = (
				3E8B7C742B7C8EE8005CDE36 /* Debug */,
				3E8B7C752B7C8EE8005CDE36 /* Release */,
			);
			defaultConfigurationIsVisible = 0;
			defaultConfigurationName = Release;
		};
		3E8B7C762B7C8EE8005CDE36 /* Build configuration list for PBXNativeTarget "Fructus" */ = {
			isa = XCConfigurationList;
			buildConfigurations = (
				3E8B7C772B7C8EE8005CDE36 /* Debug */,
				3E8B7C782B7C8EE8005CDE36 /* Release */,
			);
			defaultConfigurationIsVisible = 0;
			defaultConfigurationName = Release;
		};
		3E8B7C792B7C8EE8005CDE36 /* Build configuration list for PBXNativeTarget "FructusTests" */ = {
			isa = XCConfigurationList;
			buildConfigurations = (
				3E8B7C7A2B7C8EE8005CDE36 /* Debug */,
				3E8B7C7B2B7C8EE8005CDE36 /* Release */,
			);
			defaultConfigurationIsVisible = 0;
			defaultConfigurationName = Release;
		};
		3E8B7C7C2B7C8EE8005CDE36 /* Build configuration list for PBXNativeTarget "FructusUITests" */ = {
			isa = XCConfigurationList;
			buildConfigurations = (
				3E8B7C7D2B7C8EE8005CDE36 /* Debug */,
				3E8B7C7E2B7C8EE8005CDE36 /* Release */,
			);
			defaultConfigurationIsVisible = 0;
			defaultConfigurationName = Release;
		};
/* End XCConfigurationList section */
	};
	rootObject = 3E8B7C4A2B7C8EE4005CDE36 /* Project object */;
}
